<Solution>
  <Folder Name="/src/">
    <Project Path="src/DynamoCopilot.Core/DynamoCopilot.Core.csproj" />
    <Project Path="src/DynamoCopilot.Extension/DynamoCopilot.Extension.csproj" />
    <Project Path="src/DynamoCopilot.GraphInterop/DynamoCopilot.GraphInterop.csproj" />
  </Folder>
</Solution>
